{
  "name": "cc2145a2fe1558fa",
  "lockfileVersion": 3,
  "requires": true,
  "packages": {
    "": {
      "dependencies": {
        "create-next-app": "^15.2.3"
      }
    },
    "node_modules/create-next-app": {
      "version": "15.2.3",
      "resolved": "https://registry.npmjs.org/create-next-app/-/create-next-app-15.2.3.tgz",
      "integrity": "sha512-2gwSKla1BRw/o4V56a3LHOOOIeHx2GkZ3ewOh6WDXTOXwxX27/w97I66DZcXxySLa3gypsA0vwXFhZ1zoMUEew==",
      "bin": {
        "create-next-app": "dist/index.js"
      },
      "engines": {
        "node": ">=18.18.0"
      }
    }
  }
}
